
Microsoft Visual Studio Solution File, Format Version 12.00
# Visual Studio Version 17
VisualStudioVersion = 17.2.32630.192
MinimumVisualStudioVersion = 10.0.40219.1
Project("{FAE04EC0-301F-11D3-BF4B-00C04F79EFBC}") = "UserManagement", "UserManagement\UserManagement.csproj", "{52AB4DCA-F806-45E6-AC9C-937B9889C02A}"
EndProject
Global
	GlobalSection(SolutionConfigurationPlatforms) = preSolution
		Debug|Any CPU = Debug|Any CPU
		Release|Any CPU = Release|Any CPU
	EndGlobalSection
	GlobalSection(ProjectConfigurationPlatforms) = postSolution
		{52AB4DCA-F806-45E6-AC9C-937B9889C02A}.Debug|Any CPU.ActiveCfg = Debug|Any CPU
		{52AB4DCA-F806-45E6-AC9C-937B9889C02A}.Debug|Any CPU.Build.0 = Debug|Any CPU
		{52AB4DCA-F806-45E6-AC9C-937B9889C02A}.Release|Any CPU.ActiveCfg = Release|Any CPU
		{52AB4DCA-F806-45E6-AC9C-937B9889C02A}.Release|Any CPU.Build.0 = Release|Any CPU
	EndGlobalSection
	GlobalSection(SolutionProperties) = preSolution
		HideSolutionNode = FALSE
	EndGlobalSection
	GlobalSection(ExtensibilityGlobals) = postSolution
		SolutionGuid = {01A86645-6910-4585-AB37-422FCD71E036}
	EndGlobalSection
EndGlobal
